
Microsoft Visual Studio Solution File, Format Version 12.00
# Visual Studio Version 16
VisualStudioVersion = 16.0.31005.135
MinimumVisualStudioVersion = 10.0.40219.1
Project("{FAE04EC0-301F-11D3-BF4B-00C04F79EFBC}") = "Commander", "Commander\Commander.csproj", "{66FAAC45-5827-433C-AD0C-424767AFB288}"
EndProject
Global
	GlobalSection(SolutionConfigurationPlatforms) = preSolution
		Debug|Any CPU = Debug|Any CPU
		Release|Any CPU = Release|Any CPU
	EndGlobalSection
	GlobalSection(ProjectConfigurationPlatforms) = postSolution
		{66FAAC45-5827-433C-AD0C-424767AFB288}.Debug|Any CPU.ActiveCfg = Debug|Any CPU
		{66FAAC45-5827-433C-AD0C-424767AFB288}.Debug|Any CPU.Build.0 = Debug|Any CPU
		{66FAAC45-5827-433C-AD0C-424767AFB288}.Release|Any CPU.ActiveCfg = Release|Any CPU
		{66FAAC45-5827-433C-AD0C-424767AFB288}.Release|Any CPU.Build.0 = Release|Any CPU
	EndGlobalSection
	GlobalSection(SolutionProperties) = preSolution
		HideSolutionNode = FALSE
	EndGlobalSection
	GlobalSection(ExtensibilityGlobals) = postSolution
		SolutionGuid = {7720D232-328D-49EE-ACA0-F15F655D21C3}
	EndGlobalSection
EndGlobal
