
Microsoft Visual Studio Solution File, Format Version 12.00
# Visual Studio Version 16
VisualStudioVersion = 16.0.31005.135
MinimumVisualStudioVersion = 10.0.40219.1
Project("{2150E333-8FDC-42A3-9474-1A3956D46DE8}") = "samples", "samples", "{5588631A-A55E-4752-BD64-7CEDE73166B2}"
EndProject
Project("{2150E333-8FDC-42A3-9474-1A3956D46DE8}") = "src", "src", "{26B18F5D-DDB3-46EE-A9AF-04A2E76A6229}"
EndProject
Project("{2150E333-8FDC-42A3-9474-1A3956D46DE8}") = "tests", "tests", "{A0FC2853-82E6-4F3C-B862-714AE98215DC}"
EndProject
Project("{9A19103F-16F7-4668-BE54-9A1E7A4F7556}") = "Commander", "src\Commander\Commander.csproj", "{7A64BD7A-4957-4D35-904B-D6ABE948A34A}"
EndProject
Project("{9A19103F-16F7-4668-BE54-9A1E7A4F7556}") = "MultiCommands", "samples\MultiCommand\MultiCommands.csproj", "{7A3FFE08-1E61-46E2-BEAF-F4BA5EE9558C}"
EndProject
Project("{9A19103F-16F7-4668-BE54-9A1E7A4F7556}") = "DocCommand", "samples\DocCommand\DocCommand.csproj", "{9E4635FE-04E2-475A-BE8E-4E8000884F77}"
EndProject
Project("{9A19103F-16F7-4668-BE54-9A1E7A4F7556}") = "DocArgs", "samples\DocArgs\DocArgs.csproj", "{FEE5BBA5-AC6B-45A7-8715-D0FB1C3095C5}"
EndProject
Project("{9A19103F-16F7-4668-BE54-9A1E7A4F7556}") = "BasicConsole", "samples\BasicConsole\BasicConsole.csproj", "{21DACEF2-171F-4EDE-BCB6-400144218814}"
EndProject
Project("{9A19103F-16F7-4668-BE54-9A1E7A4F7556}") = "BasicCommand", "samples\BasicCommand\BasicCommand.csproj", "{832DEBA9-E051-4EE1-9EB4-75C0936833AA}"
EndProject
Project("{9A19103F-16F7-4668-BE54-9A1E7A4F7556}") = "AddExample", "samples\AddExample\AddExample.csproj", "{09E338AA-4D4C-4321-8465-603F7274D47F}"
EndProject
Global
	GlobalSection(SolutionConfigurationPlatforms) = preSolution
		Debug|Any CPU = Debug|Any CPU
		Release|Any CPU = Release|Any CPU
	EndGlobalSection
	GlobalSection(ProjectConfigurationPlatforms) = postSolution
		{7A64BD7A-4957-4D35-904B-D6ABE948A34A}.Debug|Any CPU.ActiveCfg = Debug|Any CPU
		{7A64BD7A-4957-4D35-904B-D6ABE948A34A}.Debug|Any CPU.Build.0 = Debug|Any CPU
		{7A64BD7A-4957-4D35-904B-D6ABE948A34A}.Release|Any CPU.ActiveCfg = Release|Any CPU
		{7A64BD7A-4957-4D35-904B-D6ABE948A34A}.Release|Any CPU.Build.0 = Release|Any CPU
		{7A3FFE08-1E61-46E2-BEAF-F4BA5EE9558C}.Debug|Any CPU.ActiveCfg = Debug|Any CPU
		{7A3FFE08-1E61-46E2-BEAF-F4BA5EE9558C}.Debug|Any CPU.Build.0 = Debug|Any CPU
		{7A3FFE08-1E61-46E2-BEAF-F4BA5EE9558C}.Release|Any CPU.ActiveCfg = Release|Any CPU
		{7A3FFE08-1E61-46E2-BEAF-F4BA5EE9558C}.Release|Any CPU.Build.0 = Release|Any CPU
		{9E4635FE-04E2-475A-BE8E-4E8000884F77}.Debug|Any CPU.ActiveCfg = Debug|Any CPU
		{9E4635FE-04E2-475A-BE8E-4E8000884F77}.Debug|Any CPU.Build.0 = Debug|Any CPU
		{9E4635FE-04E2-475A-BE8E-4E8000884F77}.Release|Any CPU.ActiveCfg = Release|Any CPU
		{9E4635FE-04E2-475A-BE8E-4E8000884F77}.Release|Any CPU.Build.0 = Release|Any CPU
		{FEE5BBA5-AC6B-45A7-8715-D0FB1C3095C5}.Debug|Any CPU.ActiveCfg = Debug|Any CPU
		{FEE5BBA5-AC6B-45A7-8715-D0FB1C3095C5}.Debug|Any CPU.Build.0 = Debug|Any CPU
		{FEE5BBA5-AC6B-45A7-8715-D0FB1C3095C5}.Release|Any CPU.ActiveCfg = Release|Any CPU
		{FEE5BBA5-AC6B-45A7-8715-D0FB1C3095C5}.Release|Any CPU.Build.0 = Release|Any CPU
		{21DACEF2-171F-4EDE-BCB6-400144218814}.Debug|Any CPU.ActiveCfg = Debug|Any CPU
		{21DACEF2-171F-4EDE-BCB6-400144218814}.Debug|Any CPU.Build.0 = Debug|Any CPU
		{21DACEF2-171F-4EDE-BCB6-400144218814}.Release|Any CPU.ActiveCfg = Release|Any CPU
		{21DACEF2-171F-4EDE-BCB6-400144218814}.Release|Any CPU.Build.0 = Release|Any CPU
		{832DEBA9-E051-4EE1-9EB4-75C0936833AA}.Debug|Any CPU.ActiveCfg = Debug|Any CPU
		{832DEBA9-E051-4EE1-9EB4-75C0936833AA}.Debug|Any CPU.Build.0 = Debug|Any CPU
		{832DEBA9-E051-4EE1-9EB4-75C0936833AA}.Release|Any CPU.ActiveCfg = Release|Any CPU
		{832DEBA9-E051-4EE1-9EB4-75C0936833AA}.Release|Any CPU.Build.0 = Release|Any CPU
		{09E338AA-4D4C-4321-8465-603F7274D47F}.Debug|Any CPU.ActiveCfg = Debug|Any CPU
		{09E338AA-4D4C-4321-8465-603F7274D47F}.Debug|Any CPU.Build.0 = Debug|Any CPU
		{09E338AA-4D4C-4321-8465-603F7274D47F}.Release|Any CPU.ActiveCfg = Release|Any CPU
		{09E338AA-4D4C-4321-8465-603F7274D47F}.Release|Any CPU.Build.0 = Release|Any CPU
	EndGlobalSection
	GlobalSection(SolutionProperties) = preSolution
		HideSolutionNode = FALSE
	EndGlobalSection
	GlobalSection(NestedProjects) = preSolution
		{7A64BD7A-4957-4D35-904B-D6ABE948A34A} = {26B18F5D-DDB3-46EE-A9AF-04A2E76A6229}
		{7A3FFE08-1E61-46E2-BEAF-F4BA5EE9558C} = {5588631A-A55E-4752-BD64-7CEDE73166B2}
		{9E4635FE-04E2-475A-BE8E-4E8000884F77} = {5588631A-A55E-4752-BD64-7CEDE73166B2}
		{FEE5BBA5-AC6B-45A7-8715-D0FB1C3095C5} = {5588631A-A55E-4752-BD64-7CEDE73166B2}
		{21DACEF2-171F-4EDE-BCB6-400144218814} = {5588631A-A55E-4752-BD64-7CEDE73166B2}
		{832DEBA9-E051-4EE1-9EB4-75C0936833AA} = {5588631A-A55E-4752-BD64-7CEDE73166B2}
		{09E338AA-4D4C-4321-8465-603F7274D47F} = {5588631A-A55E-4752-BD64-7CEDE73166B2}
	EndGlobalSection
	GlobalSection(ExtensibilityGlobals) = postSolution
		SolutionGuid = {7720D232-328D-49EE-ACA0-F15F655D21C3}
	EndGlobalSection
EndGlobal
